{
  "name": "ariyo-ai",
  "version": "1.0.0",
  "lockfileVersion": 3,
  "requires": true,
  "packages": {
    "": {
      "name": "ariyo-ai",
      "version": "1.0.0",
      "dependencies": {
        "lyric-parser": "^1.0.1"
      }
    },
    "node_modules/lyric-parser": {
      "version": "1.0.1",
      "resolved": "https://registry.npmjs.org/lyric-parser/-/lyric-parser-1.0.1.tgz",
      "integrity": "sha512-klGkA3gsKMyHENefKj1OnbscWRAxvxNsYNuxgmSIQg6KqVx/HnTrfcD/gNP74XBcu7HSh+kGhCjetPlH91OtFA==",
      "license": "MIT"
    }
  }
}
